
Microsoft Visual Studio Solution File, Format Version 12.00
Project("{FAE04EC0-301F-11D3-BF4B-00C04F79EFBC}") = "Bank", "Bank\Bank.csproj", "{464A48E6-E309-4C90-B3DA-9F755AB6AF32}"
EndProject
Project("{FAE04EC0-301F-11D3-BF4B-00C04F79EFBC}") = "BankTests", "BankTests\BankTests.csproj", "{2D35F338-545A-4F7B-8ECA-5901AD411DBD}"
EndProject
Global
	GlobalSection(SolutionConfigurationPlatforms) = preSolution
		Debug|Any CPU = Debug|Any CPU
		Release|Any CPU = Release|Any CPU
	EndGlobalSection
	GlobalSection(ProjectConfigurationPlatforms) = postSolution
		{464A48E6-E309-4C90-B3DA-9F755AB6AF32}.Debug|Any CPU.ActiveCfg = Debug|Any CPU
		{464A48E6-E309-4C90-B3DA-9F755AB6AF32}.Debug|Any CPU.Build.0 = Debug|Any CPU
		{464A48E6-E309-4C90-B3DA-9F755AB6AF32}.Release|Any CPU.ActiveCfg = Release|Any CPU
		{464A48E6-E309-4C90-B3DA-9F755AB6AF32}.Release|Any CPU.Build.0 = Release|Any CPU
		{2D35F338-545A-4F7B-8ECA-5901AD411DBD}.Debug|Any CPU.ActiveCfg = Debug|Any CPU
		{2D35F338-545A-4F7B-8ECA-5901AD411DBD}.Debug|Any CPU.Build.0 = Debug|Any CPU
		{2D35F338-545A-4F7B-8ECA-5901AD411DBD}.Release|Any CPU.ActiveCfg = Release|Any CPU
		{2D35F338-545A-4F7B-8ECA-5901AD411DBD}.Release|Any CPU.Build.0 = Release|Any CPU
	EndGlobalSection
EndGlobal
